
Microsoft Visual Studio Solution File, Format Version 12.00
# Visual Studio Version 17
VisualStudioVersion = 17.0.31903.59
MinimumVisualStudioVersion = 10.0.40219.1
Project("{2150E333-8FDC-42A3-9474-1A3956D46DE8}") = "FrontEnd", "FrontEnd", "{71DADC8F-75B8-44AD-9E67-514579198A11}"
EndProject
Project("{2150E333-8FDC-42A3-9474-1A3956D46DE8}") = "Gateway", "Gateway", "{BD9E902C-B6DE-4CB6-87F4-42125803AB6C}"
EndProject
Project("{2150E333-8FDC-42A3-9474-1A3956D46DE8}") = "Integration", "Integration", "{F93E0DC3-6ADE-4A56-BB8F-661D706DC458}"
EndProject
Project("{2150E333-8FDC-42A3-9474-1A3956D46DE8}") = "Services", "Services", "{3A360CB3-EAB6-4706-B879-566953F54A11}"
EndProject
Project("{FAE04EC0-301F-11D3-BF4B-00C04F79EFBC}") = "Mango.Services.CouponAPI", "Services\Mango.Services.CouponAPI\Mango.Services.CouponAPI.csproj", "{9A08615E-21E5-4D20-A7D3-FAD9FD054985}"
EndProject
Project("{FAE04EC0-301F-11D3-BF4B-00C04F79EFBC}") = "Mango.Web", "FrontEnd\Mango.Web\Mango.Web.csproj", "{1F35ADE4-2944-4BBD-88EB-969C43F4AAA8}"
EndProject
Project("{FAE04EC0-301F-11D3-BF4B-00C04F79EFBC}") = "Mango.Services.AuthAPI", "Services\Mango.Services.AuthAPI\Mango.Services.AuthAPI.csproj", "{8CBFE6E2-C66E-4554-8A86-41D1EDA6A514}"
EndProject
Project("{FAE04EC0-301F-11D3-BF4B-00C04F79EFBC}") = "Mango.Services.ProductAPI", "Services\Mango.Services.ProductAPI\Mango.Services.ProductAPI.csproj", "{5006BDCC-5B43-45E8-9BE3-98E2D859F35C}"
EndProject
Project("{FAE04EC0-301F-11D3-BF4B-00C04F79EFBC}") = "Mango.Services.ShoppingCartAPI", "Services\Mango.Services.ShoppingCartAPI\Mango.Services.ShoppingCartAPI.csproj", "{2041A2E4-98AA-4A40-B7EC-6BC1215630DE}"
EndProject
Global
	GlobalSection(SolutionConfigurationPlatforms) = preSolution
		Debug|Any CPU = Debug|Any CPU
		Release|Any CPU = Release|Any CPU
	EndGlobalSection
	GlobalSection(ProjectConfigurationPlatforms) = postSolution
		{9A08615E-21E5-4D20-A7D3-FAD9FD054985}.Debug|Any CPU.ActiveCfg = Debug|Any CPU
		{9A08615E-21E5-4D20-A7D3-FAD9FD054985}.Debug|Any CPU.Build.0 = Debug|Any CPU
		{9A08615E-21E5-4D20-A7D3-FAD9FD054985}.Release|Any CPU.ActiveCfg = Release|Any CPU
		{9A08615E-21E5-4D20-A7D3-FAD9FD054985}.Release|Any CPU.Build.0 = Release|Any CPU
		{1F35ADE4-2944-4BBD-88EB-969C43F4AAA8}.Debug|Any CPU.ActiveCfg = Debug|Any CPU
		{1F35ADE4-2944-4BBD-88EB-969C43F4AAA8}.Debug|Any CPU.Build.0 = Debug|Any CPU
		{1F35ADE4-2944-4BBD-88EB-969C43F4AAA8}.Release|Any CPU.ActiveCfg = Release|Any CPU
		{1F35ADE4-2944-4BBD-88EB-969C43F4AAA8}.Release|Any CPU.Build.0 = Release|Any CPU
		{8CBFE6E2-C66E-4554-8A86-41D1EDA6A514}.Debug|Any CPU.ActiveCfg = Debug|Any CPU
		{8CBFE6E2-C66E-4554-8A86-41D1EDA6A514}.Debug|Any CPU.Build.0 = Debug|Any CPU
		{8CBFE6E2-C66E-4554-8A86-41D1EDA6A514}.Release|Any CPU.ActiveCfg = Release|Any CPU
		{8CBFE6E2-C66E-4554-8A86-41D1EDA6A514}.Release|Any CPU.Build.0 = Release|Any CPU
		{5006BDCC-5B43-45E8-9BE3-98E2D859F35C}.Debug|Any CPU.ActiveCfg = Debug|Any CPU
		{5006BDCC-5B43-45E8-9BE3-98E2D859F35C}.Debug|Any CPU.Build.0 = Debug|Any CPU
		{5006BDCC-5B43-45E8-9BE3-98E2D859F35C}.Release|Any CPU.ActiveCfg = Release|Any CPU
		{5006BDCC-5B43-45E8-9BE3-98E2D859F35C}.Release|Any CPU.Build.0 = Release|Any CPU
		{2041A2E4-98AA-4A40-B7EC-6BC1215630DE}.Debug|Any CPU.ActiveCfg = Debug|Any CPU
		{2041A2E4-98AA-4A40-B7EC-6BC1215630DE}.Debug|Any CPU.Build.0 = Debug|Any CPU
		{2041A2E4-98AA-4A40-B7EC-6BC1215630DE}.Release|Any CPU.ActiveCfg = Release|Any CPU
		{2041A2E4-98AA-4A40-B7EC-6BC1215630DE}.Release|Any CPU.Build.0 = Release|Any CPU
	EndGlobalSection
	GlobalSection(SolutionProperties) = preSolution
		HideSolutionNode = FALSE
	EndGlobalSection
	GlobalSection(NestedProjects) = preSolution
		{9A08615E-21E5-4D20-A7D3-FAD9FD054985} = {3A360CB3-EAB6-4706-B879-566953F54A11}
		{1F35ADE4-2944-4BBD-88EB-969C43F4AAA8} = {71DADC8F-75B8-44AD-9E67-514579198A11}
		{8CBFE6E2-C66E-4554-8A86-41D1EDA6A514} = {3A360CB3-EAB6-4706-B879-566953F54A11}
		{5006BDCC-5B43-45E8-9BE3-98E2D859F35C} = {3A360CB3-EAB6-4706-B879-566953F54A11}
		{2041A2E4-98AA-4A40-B7EC-6BC1215630DE} = {3A360CB3-EAB6-4706-B879-566953F54A11}
	EndGlobalSection
EndGlobal
